
Microsoft Visual Studio Solution File, Format Version 12.00
# Visual Studio Version 17
VisualStudioVersion = 17.9.34607.119
MinimumVisualStudioVersion = 10.0.40219.1
Project("{9A19103F-16F7-4668-BE54-9A1E7A4F7556}") = "BlazorMauiSampleApp", "BlazorMauiSampleApp\BlazorMauiSampleApp.csproj", "{36E5316E-6B7E-4FDF-A801-D997BEE4BA43}"
EndProject
Project("{9A19103F-16F7-4668-BE54-9A1E7A4F7556}") = "SharedRazorLibrary", "SharedRazorLibrary\SharedRazorLibrary.csproj", "{59E13C4F-EAD6-4403-88E4-38107452C7FB}"
EndProject
Project("{9A19103F-16F7-4668-BE54-9A1E7A4F7556}") = "BlazorSampleApp", "BlazorSampleApp\BlazorSampleApp.csproj", "{B7FDE6AE-A83D-43D1-A86D-1F6930724393}"
EndProject
Project("{FAE04EC0-301F-11D3-BF4B-00C04F79EFBC}") = "SharedClassLibrary", "SharedClassLibrary\SharedClassLibrary.csproj", "{164C10D9-953B-4B71-9DEE-DA6787C816B0}"
EndProject
Global
	GlobalSection(SolutionConfigurationPlatforms) = preSolution
		Debug|Any CPU = Debug|Any CPU
		Release|Any CPU = Release|Any CPU
	EndGlobalSection
	GlobalSection(ProjectConfigurationPlatforms) = postSolution
		{36E5316E-6B7E-4FDF-A801-D997BEE4BA43}.Debug|Any CPU.ActiveCfg = Debug|Any CPU
		{36E5316E-6B7E-4FDF-A801-D997BEE4BA43}.Debug|Any CPU.Build.0 = Debug|Any CPU
		{36E5316E-6B7E-4FDF-A801-D997BEE4BA43}.Debug|Any CPU.Deploy.0 = Debug|Any CPU
		{36E5316E-6B7E-4FDF-A801-D997BEE4BA43}.Release|Any CPU.ActiveCfg = Release|Any CPU
		{36E5316E-6B7E-4FDF-A801-D997BEE4BA43}.Release|Any CPU.Build.0 = Release|Any CPU
		{36E5316E-6B7E-4FDF-A801-D997BEE4BA43}.Release|Any CPU.Deploy.0 = Release|Any CPU
		{59E13C4F-EAD6-4403-88E4-38107452C7FB}.Debug|Any CPU.ActiveCfg = Debug|Any CPU
		{59E13C4F-EAD6-4403-88E4-38107452C7FB}.Debug|Any CPU.Build.0 = Debug|Any CPU
		{59E13C4F-EAD6-4403-88E4-38107452C7FB}.Release|Any CPU.ActiveCfg = Release|Any CPU
		{59E13C4F-EAD6-4403-88E4-38107452C7FB}.Release|Any CPU.Build.0 = Release|Any CPU
		{B7FDE6AE-A83D-43D1-A86D-1F6930724393}.Debug|Any CPU.ActiveCfg = Debug|Any CPU
		{B7FDE6AE-A83D-43D1-A86D-1F6930724393}.Debug|Any CPU.Build.0 = Debug|Any CPU
		{B7FDE6AE-A83D-43D1-A86D-1F6930724393}.Release|Any CPU.ActiveCfg = Release|Any CPU
		{B7FDE6AE-A83D-43D1-A86D-1F6930724393}.Release|Any CPU.Build.0 = Release|Any CPU
		{164C10D9-953B-4B71-9DEE-DA6787C816B0}.Debug|Any CPU.ActiveCfg = Debug|Any CPU
		{164C10D9-953B-4B71-9DEE-DA6787C816B0}.Debug|Any CPU.Build.0 = Debug|Any CPU
		{164C10D9-953B-4B71-9DEE-DA6787C816B0}.Release|Any CPU.ActiveCfg = Release|Any CPU
		{164C10D9-953B-4B71-9DEE-DA6787C816B0}.Release|Any CPU.Build.0 = Release|Any CPU
	EndGlobalSection
	GlobalSection(SolutionProperties) = preSolution
		HideSolutionNode = FALSE
	EndGlobalSection
	GlobalSection(ExtensibilityGlobals) = postSolution
		SolutionGuid = {FE0655CD-88F8-4C16-8BBB-5798DB2F4A66}
	EndGlobalSection
EndGlobal
